
Microsoft Visual Studio Solution File, Format Version 12.00
# Visual Studio Version 16
VisualStudioVersion = 16.0.30621.155
MinimumVisualStudioVersion = 10.0.40219.1
Project("{FAE04EC0-301F-11D3-BF4B-00C04F79EFBC}") = "ConsoleApp", "ConsoleApp\ConsoleApp.csproj", "{0CC36AAD-4CBD-4182-A495-A362D9EE5320}"
EndProject
Project("{FAE04EC0-301F-11D3-BF4B-00C04F79EFBC}") = "FamilyTree.BL", "FamilyTree.BL\FamilyTree.BL.csproj", "{FB13B138-7A16-4C8D-A56E-D315D2174D9E}"
EndProject
Project("{FAE04EC0-301F-11D3-BF4B-00C04F79EFBC}") = "FamilyTree.DI", "FamilyTree.DI\FamilyTree.DI.csproj", "{888D8D71-3245-4612-9A0A-8BC6B184C1A4}"
EndProject
Project("{FAE04EC0-301F-11D3-BF4B-00C04F79EFBC}") = "FamilyTree.Settings", "FamilyTree.Settings\FamilyTree.Settings.csproj", "{FC0EB231-41A9-4246-9509-C5BF402F4DCD}"
EndProject
Global
	GlobalSection(SolutionConfigurationPlatforms) = preSolution
		Debug|Any CPU = Debug|Any CPU
		Release|Any CPU = Release|Any CPU
	EndGlobalSection
	GlobalSection(ProjectConfigurationPlatforms) = postSolution
		{0CC36AAD-4CBD-4182-A495-A362D9EE5320}.Debug|Any CPU.ActiveCfg = Debug|Any CPU
		{0CC36AAD-4CBD-4182-A495-A362D9EE5320}.Debug|Any CPU.Build.0 = Debug|Any CPU
		{0CC36AAD-4CBD-4182-A495-A362D9EE5320}.Release|Any CPU.ActiveCfg = Release|Any CPU
		{0CC36AAD-4CBD-4182-A495-A362D9EE5320}.Release|Any CPU.Build.0 = Release|Any CPU
		{FB13B138-7A16-4C8D-A56E-D315D2174D9E}.Debug|Any CPU.ActiveCfg = Debug|Any CPU
		{FB13B138-7A16-4C8D-A56E-D315D2174D9E}.Debug|Any CPU.Build.0 = Debug|Any CPU
		{FB13B138-7A16-4C8D-A56E-D315D2174D9E}.Release|Any CPU.ActiveCfg = Release|Any CPU
		{FB13B138-7A16-4C8D-A56E-D315D2174D9E}.Release|Any CPU.Build.0 = Release|Any CPU
		{888D8D71-3245-4612-9A0A-8BC6B184C1A4}.Debug|Any CPU.ActiveCfg = Debug|Any CPU
		{888D8D71-3245-4612-9A0A-8BC6B184C1A4}.Debug|Any CPU.Build.0 = Debug|Any CPU
		{888D8D71-3245-4612-9A0A-8BC6B184C1A4}.Release|Any CPU.ActiveCfg = Release|Any CPU
		{888D8D71-3245-4612-9A0A-8BC6B184C1A4}.Release|Any CPU.Build.0 = Release|Any CPU
		{FC0EB231-41A9-4246-9509-C5BF402F4DCD}.Debug|Any CPU.ActiveCfg = Debug|Any CPU
		{FC0EB231-41A9-4246-9509-C5BF402F4DCD}.Debug|Any CPU.Build.0 = Debug|Any CPU
		{FC0EB231-41A9-4246-9509-C5BF402F4DCD}.Release|Any CPU.ActiveCfg = Release|Any CPU
		{FC0EB231-41A9-4246-9509-C5BF402F4DCD}.Release|Any CPU.Build.0 = Release|Any CPU
	EndGlobalSection
	GlobalSection(SolutionProperties) = preSolution
		HideSolutionNode = FALSE
	EndGlobalSection
	GlobalSection(ExtensibilityGlobals) = postSolution
		SolutionGuid = {ECA20E2E-F9BE-4946-B1EF-E64F430C27E7}
	EndGlobalSection
EndGlobal
